
Microsoft Visual Studio Solution File, Format Version 12.00
# Visual Studio Version 17
VisualStudioVersion = 17.8.34330.188
MinimumVisualStudioVersion = 10.0.40219.1
Project("{FAE04EC0-301F-11D3-BF4B-00C04F79EFBC}") = "StoreMVC", "StoreMVC\StoreMVC.csproj", "{D6873B9D-9CBC-4FCC-9533-5DA175FD7498}"
EndProject
Global
	GlobalSection(SolutionConfigurationPlatforms) = preSolution
		Debug|Any CPU = Debug|Any CPU
		Release|Any CPU = Release|Any CPU
	EndGlobalSection
	GlobalSection(ProjectConfigurationPlatforms) = postSolution
		{D6873B9D-9CBC-4FCC-9533-5DA175FD7498}.Debug|Any CPU.ActiveCfg = Debug|Any CPU
		{D6873B9D-9CBC-4FCC-9533-5DA175FD7498}.Debug|Any CPU.Build.0 = Debug|Any CPU
		{D6873B9D-9CBC-4FCC-9533-5DA175FD7498}.Release|Any CPU.ActiveCfg = Release|Any CPU
		{D6873B9D-9CBC-4FCC-9533-5DA175FD7498}.Release|Any CPU.Build.0 = Release|Any CPU
	EndGlobalSection
	GlobalSection(SolutionProperties) = preSolution
		HideSolutionNode = FALSE
	EndGlobalSection
	GlobalSection(ExtensibilityGlobals) = postSolution
		SolutionGuid = {0DFCFF22-A585-4387-A370-2AE39FBED66A}
	EndGlobalSection
EndGlobal
